
Microsoft Visual Studio Solution File, Format Version 12.00
# Visual Studio Version 17
VisualStudioVersion = 17.4.33213.308
MinimumVisualStudioVersion = 10.0.40219.1
Project("{FAE04EC0-301F-11D3-BF4B-00C04F79EFBC}") = "ProductCalculator", "ProductCalculator.csproj", "{75DB1315-C2DE-4DBC-BC27-90FFC71264AA}"
EndProject
Global
	GlobalSection(SolutionConfigurationPlatforms) = preSolution
		Debug|Any CPU = Debug|Any CPU
		Release|Any CPU = Release|Any CPU
	EndGlobalSection
	GlobalSection(ProjectConfigurationPlatforms) = postSolution
		{75DB1315-C2DE-4DBC-BC27-90FFC71264AA}.Debug|Any CPU.ActiveCfg = Debug|Any CPU
		{75DB1315-C2DE-4DBC-BC27-90FFC71264AA}.Debug|Any CPU.Build.0 = Debug|Any CPU
		{75DB1315-C2DE-4DBC-BC27-90FFC71264AA}.Release|Any CPU.ActiveCfg = Release|Any CPU
		{75DB1315-C2DE-4DBC-BC27-90FFC71264AA}.Release|Any CPU.Build.0 = Release|Any CPU
	EndGlobalSection
	GlobalSection(SolutionProperties) = preSolution
		HideSolutionNode = FALSE
	EndGlobalSection
	GlobalSection(ExtensibilityGlobals) = postSolution
		SolutionGuid = {063347BC-135F-45EE-80F4-EEBC27AF396B}
	EndGlobalSection
EndGlobal
